
Microsoft Visual Studio Solution File, Format Version 12.00
# Visual Studio Version 16
VisualStudioVersion = 16.0.29613.14
MinimumVisualStudioVersion = 10.0.40219.1
Project("{2150E333-8FDC-42A3-9474-1A3956D46DE8}") = "1. Core", "1. Core", "{4E62EBC0-27BF-44CA-AB44-8C4A76338714}"
EndProject
Project("{2150E333-8FDC-42A3-9474-1A3956D46DE8}") = "2. Interfaces", "2. Interfaces", "{A015B636-75A7-4F96-9C3E-2E9306C88A2E}"
EndProject
Project("{FAE04EC0-301F-11D3-BF4B-00C04F79EFBC}") = "Gadz.Tetris.Desktop", "Gadz.Tetris.Desktop\Gadz.Tetris.Desktop.csproj", "{873BF7EB-D323-4B5C-BEB6-8C350EFE3447}"
EndProject
Project("{FAE04EC0-301F-11D3-BF4B-00C04F79EFBC}") = "Gadz.Tetris", "Gadz.Tetris.Core\Gadz.Tetris.csproj", "{A4339A4A-68E5-48F0-BE05-A51DAC5CC569}"
EndProject
Project("{FAE04EC0-301F-11D3-BF4B-00C04F79EFBC}") = "Gadz.Tetris.Resources", "Gadz.Tetris.Resources\Gadz.Tetris.Resources.csproj", "{110B4184-4A4C-41F6-B86F-0A96CF1A7E8A}"
EndProject
Project("{54435603-DBB4-11D2-8724-00A0C9A8B90C}") = "Setup", "Setup\Setup.vdproj", "{ECE9CC5F-FE77-43ED-8BDF-3E9D095A2498}"
EndProject
Project("{2150E333-8FDC-42A3-9474-1A3956D46DE8}") = "3. Distribution", "3. Distribution", "{1199745F-C8F1-427A-BC0A-DBAC201D8659}"
EndProject
Project("{FAE04EC0-301F-11D3-BF4B-00C04F79EFBC}") = "Gadz.Tetris.Tests", "Gadz.Tetris.Tests\Gadz.Tetris.Tests.csproj", "{58A540F4-7073-4186-A268-FBCDA2778E85}"
EndProject
Global
	GlobalSection(SolutionConfigurationPlatforms) = preSolution
		Debug|Any CPU = Debug|Any CPU
		Release|Any CPU = Release|Any CPU
	EndGlobalSection
	GlobalSection(ProjectConfigurationPlatforms) = postSolution
		{873BF7EB-D323-4B5C-BEB6-8C350EFE3447}.Debug|Any CPU.ActiveCfg = Debug|Any CPU
		{873BF7EB-D323-4B5C-BEB6-8C350EFE3447}.Debug|Any CPU.Build.0 = Debug|Any CPU
		{873BF7EB-D323-4B5C-BEB6-8C350EFE3447}.Release|Any CPU.ActiveCfg = Release|Any CPU
		{873BF7EB-D323-4B5C-BEB6-8C350EFE3447}.Release|Any CPU.Build.0 = Release|Any CPU
		{A4339A4A-68E5-48F0-BE05-A51DAC5CC569}.Debug|Any CPU.ActiveCfg = Debug|Any CPU
		{A4339A4A-68E5-48F0-BE05-A51DAC5CC569}.Debug|Any CPU.Build.0 = Debug|Any CPU
		{A4339A4A-68E5-48F0-BE05-A51DAC5CC569}.Release|Any CPU.ActiveCfg = Release|Any CPU
		{A4339A4A-68E5-48F0-BE05-A51DAC5CC569}.Release|Any CPU.Build.0 = Release|Any CPU
		{110B4184-4A4C-41F6-B86F-0A96CF1A7E8A}.Debug|Any CPU.ActiveCfg = Debug|Any CPU
		{110B4184-4A4C-41F6-B86F-0A96CF1A7E8A}.Debug|Any CPU.Build.0 = Debug|Any CPU
		{110B4184-4A4C-41F6-B86F-0A96CF1A7E8A}.Release|Any CPU.ActiveCfg = Release|Any CPU
		{110B4184-4A4C-41F6-B86F-0A96CF1A7E8A}.Release|Any CPU.Build.0 = Release|Any CPU
		{ECE9CC5F-FE77-43ED-8BDF-3E9D095A2498}.Debug|Any CPU.ActiveCfg = Debug
		{ECE9CC5F-FE77-43ED-8BDF-3E9D095A2498}.Release|Any CPU.ActiveCfg = Release
		{58A540F4-7073-4186-A268-FBCDA2778E85}.Debug|Any CPU.ActiveCfg = Debug|Any CPU
		{58A540F4-7073-4186-A268-FBCDA2778E85}.Debug|Any CPU.Build.0 = Debug|Any CPU
		{58A540F4-7073-4186-A268-FBCDA2778E85}.Release|Any CPU.ActiveCfg = Release|Any CPU
		{58A540F4-7073-4186-A268-FBCDA2778E85}.Release|Any CPU.Build.0 = Release|Any CPU
	EndGlobalSection
	GlobalSection(SolutionProperties) = preSolution
		HideSolutionNode = FALSE
	EndGlobalSection
	GlobalSection(NestedProjects) = preSolution
		{873BF7EB-D323-4B5C-BEB6-8C350EFE3447} = {A015B636-75A7-4F96-9C3E-2E9306C88A2E}
		{A4339A4A-68E5-48F0-BE05-A51DAC5CC569} = {4E62EBC0-27BF-44CA-AB44-8C4A76338714}
		{110B4184-4A4C-41F6-B86F-0A96CF1A7E8A} = {4E62EBC0-27BF-44CA-AB44-8C4A76338714}
		{ECE9CC5F-FE77-43ED-8BDF-3E9D095A2498} = {1199745F-C8F1-427A-BC0A-DBAC201D8659}
		{58A540F4-7073-4186-A268-FBCDA2778E85} = {4E62EBC0-27BF-44CA-AB44-8C4A76338714}
	EndGlobalSection
	GlobalSection(ExtensibilityGlobals) = postSolution
		SolutionGuid = {191B99D4-B21C-425D-9A96-E3FCAF658284}
		BuildVersion_StartDate = 2018/6/10
		BuildVersion_BuildVersioningStyle = None.None.Increment.YearMonthStamp
		BuildVersion_UpdateAssemblyVersion = False
		BuildVersion_UpdateFileVersion = False
	EndGlobalSection
EndGlobal
